
Microsoft Visual Studio Solution File, Format Version 12.00
# Visual Studio Version 17
VisualStudioVersion = 17.0.31903.59
MinimumVisualStudioVersion = 10.0.40219.1
Project("{2150E333-8FDC-42A3-9474-1A3956D46DE8}") = "src", "src", "{5CD0B0F0-8268-4A6B-8592-5FAA1C2E602E}"
EndProject
Project("{FAE04EC0-301F-11D3-BF4B-00C04F79EFBC}") = "GingerPaw.Settings", "src\GingerPaw.Settings\GingerPaw.Settings.csproj", "{0AE00E06-8BFC-42A3-8527-D4A6E2E18AC8}"
EndProject
Project("{FAE04EC0-301F-11D3-BF4B-00C04F79EFBC}") = "GingerPaw.Permissions", "src\GingerPaw.Permissions\GingerPaw.Permissions.csproj", "{CD705A7A-BE4F-425A-9F9E-1C6974684967}"
EndProject
Project("{FAE04EC0-301F-11D3-BF4B-00C04F79EFBC}") = "GingerPaw.Audio", "src\GingerPaw.Audio\GingerPaw.Audio.csproj", "{D3AD9708-6270-4260-B24E-97152BC1BFC2}"
EndProject
Project("{FAE04EC0-301F-11D3-BF4B-00C04F79EFBC}") = "GingerPaw.Hotkeys", "src\GingerPaw.Hotkeys\GingerPaw.Hotkeys.csproj", "{1B1F5996-36DE-4183-AF29-D728D4D94C48}"
EndProject
Project("{FAE04EC0-301F-11D3-BF4B-00C04F79EFBC}") = "GingerPaw.Transcription", "src\GingerPaw.Transcription\GingerPaw.Transcription.csproj", "{3B551694-79A5-4D36-A561-0898B42D466E}"
EndProject
Project("{FAE04EC0-301F-11D3-BF4B-00C04F79EFBC}") = "GingerPaw.TextInsertion", "src\GingerPaw.TextInsertion\GingerPaw.TextInsertion.csproj", "{8141158F-FDCE-4FA7-B939-5F11F2345311}"
EndProject
Project("{FAE04EC0-301F-11D3-BF4B-00C04F79EFBC}") = "GingerPaw.Dictation", "src\GingerPaw.Dictation\GingerPaw.Dictation.csproj", "{979DADA0-05B3-42E6-AA9D-8FEDF58B2058}"
EndProject
Project("{FAE04EC0-301F-11D3-BF4B-00C04F79EFBC}") = "GingerPaw.TextProcessing", "src\GingerPaw.TextProcessing\GingerPaw.TextProcessing.csproj", "{A7450127-C327-47DF-86D6-A70695A1E951}"
EndProject
Project("{FAE04EC0-301F-11D3-BF4B-00C04F79EFBC}") = "GingerPaw.Overlay", "src\GingerPaw.Overlay\GingerPaw.Overlay.csproj", "{39F6935A-F730-4923-8041-2555B765CA4E}"
EndProject
Project("{FAE04EC0-301F-11D3-BF4B-00C04F79EFBC}") = "GingerPaw.App", "src\GingerPaw.App\GingerPaw.App.csproj", "{52AFF02E-6C6E-48B2-ACE6-F96D8E7BAC7F}"
EndProject
Project("{2150E333-8FDC-42A3-9474-1A3956D46DE8}") = "tests", "tests", "{95017363-379F-40DD-B6A3-304B63B1F5D3}"
EndProject
Project("{FAE04EC0-301F-11D3-BF4B-00C04F79EFBC}") = "GingerPaw.Dictation.Tests", "tests\GingerPaw.Dictation.Tests\GingerPaw.Dictation.Tests.csproj", "{24414914-69E0-4D79-92E5-07F78ECEA0E4}"
EndProject
Project("{FAE04EC0-301F-11D3-BF4B-00C04F79EFBC}") = "GingerPaw.Overlay.Tests", "tests\GingerPaw.Overlay.Tests\GingerPaw.Overlay.Tests.csproj", "{E828C6D4-B91F-4FEC-96E5-807FD40AEDF5}"
EndProject
Project("{FAE04EC0-301F-11D3-BF4B-00C04F79EFBC}") = "GingerPaw.TextProcessing.Tests", "tests\GingerPaw.TextProcessing.Tests\GingerPaw.TextProcessing.Tests.csproj", "{CF925660-4A5B-4452-8C64-C800208DAB89}"
EndProject
Global
	GlobalSection(SolutionConfigurationPlatforms) = preSolution
		Debug|Any CPU = Debug|Any CPU
		Release|Any CPU = Release|Any CPU
	EndGlobalSection
	GlobalSection(SolutionProperties) = preSolution
		HideSolutionNode = FALSE
	EndGlobalSection
	GlobalSection(ProjectConfigurationPlatforms) = postSolution
		{0AE00E06-8BFC-42A3-8527-D4A6E2E18AC8}.Debug|Any CPU.ActiveCfg = Debug|Any CPU
		{0AE00E06-8BFC-42A3-8527-D4A6E2E18AC8}.Debug|Any CPU.Build.0 = Debug|Any CPU
		{0AE00E06-8BFC-42A3-8527-D4A6E2E18AC8}.Release|Any CPU.ActiveCfg = Release|Any CPU
		{0AE00E06-8BFC-42A3-8527-D4A6E2E18AC8}.Release|Any CPU.Build.0 = Release|Any CPU
		{CD705A7A-BE4F-425A-9F9E-1C6974684967}.Debug|Any CPU.ActiveCfg = Debug|Any CPU
		{CD705A7A-BE4F-425A-9F9E-1C6974684967}.Debug|Any CPU.Build.0 = Debug|Any CPU
		{CD705A7A-BE4F-425A-9F9E-1C6974684967}.Release|Any CPU.ActiveCfg = Release|Any CPU
		{CD705A7A-BE4F-425A-9F9E-1C6974684967}.Release|Any CPU.Build.0 = Release|Any CPU
		{D3AD9708-6270-4260-B24E-97152BC1BFC2}.Debug|Any CPU.ActiveCfg = Debug|Any CPU
		{D3AD9708-6270-4260-B24E-97152BC1BFC2}.Debug|Any CPU.Build.0 = Debug|Any CPU
		{D3AD9708-6270-4260-B24E-97152BC1BFC2}.Release|Any CPU.ActiveCfg = Release|Any CPU
		{D3AD9708-6270-4260-B24E-97152BC1BFC2}.Release|Any CPU.Build.0 = Release|Any CPU
		{1B1F5996-36DE-4183-AF29-D728D4D94C48}.Debug|Any CPU.ActiveCfg = Debug|Any CPU
		{1B1F5996-36DE-4183-AF29-D728D4D94C48}.Debug|Any CPU.Build.0 = Debug|Any CPU
		{1B1F5996-36DE-4183-AF29-D728D4D94C48}.Release|Any CPU.ActiveCfg = Release|Any CPU
		{1B1F5996-36DE-4183-AF29-D728D4D94C48}.Release|Any CPU.Build.0 = Release|Any CPU
		{3B551694-79A5-4D36-A561-0898B42D466E}.Debug|Any CPU.ActiveCfg = Debug|Any CPU
		{3B551694-79A5-4D36-A561-0898B42D466E}.Debug|Any CPU.Build.0 = Debug|Any CPU
		{3B551694-79A5-4D36-A561-0898B42D466E}.Release|Any CPU.ActiveCfg = Release|Any CPU
		{3B551694-79A5-4D36-A561-0898B42D466E}.Release|Any CPU.Build.0 = Release|Any CPU
		{8141158F-FDCE-4FA7-B939-5F11F2345311}.Debug|Any CPU.ActiveCfg = Debug|Any CPU
		{8141158F-FDCE-4FA7-B939-5F11F2345311}.Debug|Any CPU.Build.0 = Debug|Any CPU
		{8141158F-FDCE-4FA7-B939-5F11F2345311}.Release|Any CPU.ActiveCfg = Release|Any CPU
		{8141158F-FDCE-4FA7-B939-5F11F2345311}.Release|Any CPU.Build.0 = Release|Any CPU
		{979DADA0-05B3-42E6-AA9D-8FEDF58B2058}.Debug|Any CPU.ActiveCfg = Debug|Any CPU
		{979DADA0-05B3-42E6-AA9D-8FEDF58B2058}.Debug|Any CPU.Build.0 = Debug|Any CPU
		{979DADA0-05B3-42E6-AA9D-8FEDF58B2058}.Release|Any CPU.ActiveCfg = Release|Any CPU
		{979DADA0-05B3-42E6-AA9D-8FEDF58B2058}.Release|Any CPU.Build.0 = Release|Any CPU
		{A7450127-C327-47DF-86D6-A70695A1E951}.Debug|Any CPU.ActiveCfg = Debug|Any CPU
		{A7450127-C327-47DF-86D6-A70695A1E951}.Debug|Any CPU.Build.0 = Debug|Any CPU
		{A7450127-C327-47DF-86D6-A70695A1E951}.Release|Any CPU.ActiveCfg = Release|Any CPU
		{A7450127-C327-47DF-86D6-A70695A1E951}.Release|Any CPU.Build.0 = Release|Any CPU
		{39F6935A-F730-4923-8041-2555B765CA4E}.Debug|Any CPU.ActiveCfg = Debug|Any CPU
		{39F6935A-F730-4923-8041-2555B765CA4E}.Debug|Any CPU.Build.0 = Debug|Any CPU
		{39F6935A-F730-4923-8041-2555B765CA4E}.Release|Any CPU.ActiveCfg = Release|Any CPU
		{39F6935A-F730-4923-8041-2555B765CA4E}.Release|Any CPU.Build.0 = Release|Any CPU
		{52AFF02E-6C6E-48B2-ACE6-F96D8E7BAC7F}.Debug|Any CPU.ActiveCfg = Debug|Any CPU
		{52AFF02E-6C6E-48B2-ACE6-F96D8E7BAC7F}.Debug|Any CPU.Build.0 = Debug|Any CPU
		{52AFF02E-6C6E-48B2-ACE6-F96D8E7BAC7F}.Release|Any CPU.ActiveCfg = Release|Any CPU
		{52AFF02E-6C6E-48B2-ACE6-F96D8E7BAC7F}.Release|Any CPU.Build.0 = Release|Any CPU
		{24414914-69E0-4D79-92E5-07F78ECEA0E4}.Debug|Any CPU.ActiveCfg = Debug|Any CPU
		{24414914-69E0-4D79-92E5-07F78ECEA0E4}.Debug|Any CPU.Build.0 = Debug|Any CPU
		{24414914-69E0-4D79-92E5-07F78ECEA0E4}.Release|Any CPU.ActiveCfg = Release|Any CPU
		{24414914-69E0-4D79-92E5-07F78ECEA0E4}.Release|Any CPU.Build.0 = Release|Any CPU
		{E828C6D4-B91F-4FEC-96E5-807FD40AEDF5}.Debug|Any CPU.ActiveCfg = Debug|Any CPU
		{E828C6D4-B91F-4FEC-96E5-807FD40AEDF5}.Debug|Any CPU.Build.0 = Debug|Any CPU
		{E828C6D4-B91F-4FEC-96E5-807FD40AEDF5}.Release|Any CPU.ActiveCfg = Release|Any CPU
		{E828C6D4-B91F-4FEC-96E5-807FD40AEDF5}.Release|Any CPU.Build.0 = Release|Any CPU
		{CF925660-4A5B-4452-8C64-C800208DAB89}.Debug|Any CPU.ActiveCfg = Debug|Any CPU
		{CF925660-4A5B-4452-8C64-C800208DAB89}.Debug|Any CPU.Build.0 = Debug|Any CPU
		{CF925660-4A5B-4452-8C64-C800208DAB89}.Release|Any CPU.ActiveCfg = Release|Any CPU
		{CF925660-4A5B-4452-8C64-C800208DAB89}.Release|Any CPU.Build.0 = Release|Any CPU
	EndGlobalSection
	GlobalSection(NestedProjects) = preSolution
		{0AE00E06-8BFC-42A3-8527-D4A6E2E18AC8} = {5CD0B0F0-8268-4A6B-8592-5FAA1C2E602E}
		{CD705A7A-BE4F-425A-9F9E-1C6974684967} = {5CD0B0F0-8268-4A6B-8592-5FAA1C2E602E}
		{D3AD9708-6270-4260-B24E-97152BC1BFC2} = {5CD0B0F0-8268-4A6B-8592-5FAA1C2E602E}
		{1B1F5996-36DE-4183-AF29-D728D4D94C48} = {5CD0B0F0-8268-4A6B-8592-5FAA1C2E602E}
		{3B551694-79A5-4D36-A561-0898B42D466E} = {5CD0B0F0-8268-4A6B-8592-5FAA1C2E602E}
		{8141158F-FDCE-4FA7-B939-5F11F2345311} = {5CD0B0F0-8268-4A6B-8592-5FAA1C2E602E}
		{979DADA0-05B3-42E6-AA9D-8FEDF58B2058} = {5CD0B0F0-8268-4A6B-8592-5FAA1C2E602E}
		{A7450127-C327-47DF-86D6-A70695A1E951} = {5CD0B0F0-8268-4A6B-8592-5FAA1C2E602E}
		{39F6935A-F730-4923-8041-2555B765CA4E} = {5CD0B0F0-8268-4A6B-8592-5FAA1C2E602E}
		{52AFF02E-6C6E-48B2-ACE6-F96D8E7BAC7F} = {5CD0B0F0-8268-4A6B-8592-5FAA1C2E602E}
		{24414914-69E0-4D79-92E5-07F78ECEA0E4} = {95017363-379F-40DD-B6A3-304B63B1F5D3}
		{E828C6D4-B91F-4FEC-96E5-807FD40AEDF5} = {95017363-379F-40DD-B6A3-304B63B1F5D3}
		{CF925660-4A5B-4452-8C64-C800208DAB89} = {95017363-379F-40DD-B6A3-304B63B1F5D3}
	EndGlobalSection
EndGlobal
